dependencies:
- name: eazybank-common
  repository: file://../../eazybank-common
  version: 0.1.0
- name: accountsdb
  repository: file://../../databases/accountsdb
  version: 0.1.0
- name: cardsdb
  repository: file://../../databases/cardsdb
  version: 0.1.0
- name: loansdb
  repository: file://../../databases/loansdb
  version: 0.1.0
- name: configserver
  repository: file://../../eazybank-services/configserver
  version: 0.1.0
- name: eurekaserver
  repository: file://../../eazybank-services/eurekaserver
  version: 0.1.0
- name: accounts
  repository: file://../../eazybank-services/accounts
  version: 0.1.0
- name: cards
  repository: file://../../eazybank-services/cards
  version: 0.1.0
- name: loans
  repository: file://../../eazybank-services/loans
  version: 0.1.0
- name: gatewayserver
  repository: file://../../eazybank-services/gatewayserver
  version: 0.1.0
- name: message
  repository: file://../../eazybank-services/message
  version: 0.1.0
digest: sha256:a0c0b77b9ea560fcd59a6903346369ef0f7236528bc0e53e2909ea7b55a1b4a9
generated: "2025-03-20T13:35:02.6012181+01:00"
